{
  "version": 4,
  "terraform_version": "1.5.0",
  "serial": 1,
  "lineage": "a1b2c3d4-e5f6-7890-abcd-ef0123456789",
  "outputs": {},
  "resources": [
    {
      "mode": "managed",
      "type": "aws_instance",
      "name": "web",
      "instances": [{"attributes": {"id": "i-0abc123def456789", "instance_type": "t3.medium", "ami": "ami-0abcdef1234567890", "subnet_id": "subnet-abc123", "vpc_security_group_ids": ["sg-abc123"], "tags": {"Name": "Web Server"}}}]
    },
    {
      "mode": "managed",
      "type": "aws_db_instance",
      "name": "main",
      "instances": [{"attributes": {"id": "prod-db", "engine": "postgres", "engine_version": "15.4", "instance_class": "db.t3.medium", "multi_az": true, "storage_encrypted": true, "allocated_storage": 100, "db_subnet_group_name": "main"}}]
    },
    {
      "mode": "managed",
      "type": "aws_s3_bucket",
      "name": "assets",
      "instances": [{"attributes": {"id": "myapp-assets-prod", "bucket": "myapp-assets-prod", "region": "us-east-1"}}]
    },
    {
      "mode": "managed",
      "type": "aws_lb",
      "name": "main",
      "instances": [{"attributes": {"id": "arn:aws:elasticloadbalancing:us-east-1:123456789012:loadbalancer/app/main/abc123", "load_balancer_type": "application", "subnets": ["subnet-abc123", "subnet-def456"]}}]
    },
    {
      "mode": "managed",
      "type": "aws_cloudfront_distribution",
      "name": "cdn",
      "instances": [{"attributes": {"id": "E1ABCDEF12345", "domain_name": "d1234.cloudfront.net", "origin": [{"domain_name": "main-alb.us-east-1.elb.amazonaws.com"}]}}]
    },
    {
      "mode": "managed",
      "type": "aws_security_group",
      "name": "web",
      "instances": [{"attributes": {"id": "sg-abc123", "name": "web-sg", "vpc_id": "vpc-abc123"}}]
    },
    {
      "mode": "managed",
      "type": "aws_subnet",
      "name": "main",
      "instances": [{"attributes": {"id": "subnet-abc123", "cidr_block": "10.0.1.0/24", "vpc_id": "vpc-abc123", "availability_zone": "us-east-1a"}}]
    },
    {
      "mode": "data",
      "type": "aws_ami",
      "name": "latest",
      "instances": [{"attributes": {"id": "ami-0abcdef1234567890", "name": "ubuntu/images/hvm-ssd/ubuntu-jammy-22.04-amd64-server"}}]
    }
  ]
}
