{
  "version": 4,
  "terraform_version": "1.5.0",
  "serial": 1,
  "lineage": "d4e5f6a7-b8c9-0123-def0-123456789012",
  "outputs": {},
  "resources": [
    {
      "mode": "managed",
      "type": "aws_lambda_function",
      "name": "api_handler",
      "instances": [{"attributes": {"id": "api-handler", "function_name": "api-handler", "memory_size": 512, "runtime": "python3.12", "timeout": 30, "handler": "main.handler"}}]
    },
    {
      "mode": "managed",
      "type": "aws_dynamodb_table",
      "name": "data",
      "instances": [{"attributes": {"id": "app-data", "name": "app-data", "billing_mode": "PAY_PER_REQUEST", "hash_key": "pk", "range_key": "sk"}}]
    },
    {
      "mode": "managed",
      "type": "aws_s3_bucket",
      "name": "uploads",
      "instances": [{"attributes": {"id": "myapp-uploads", "bucket": "myapp-uploads"}}]
    },
    {
      "mode": "managed",
      "type": "aws_api_gateway_rest_api",
      "name": "main",
      "instances": [{"attributes": {"id": "abc123xyz", "name": "main-api", "description": "Main REST API"}}]
    }
  ]
}
